# THIS IS AN AUTOGENERATED FILE. DO NOT EDIT THIS FILE DIRECTLY.
# yarn lockfile v1


svg.js@^2.6.3:
  version "2.6.3"
  resolved "https://registry.yarnpkg.com/svg.js/-/svg.js-2.6.3.tgz#ac07c61f54ada2745548800307bb45b4b3b519eb"

viz.js@^1.8.0:
  version "1.8.0"
  resolved "https://registry.yarnpkg.com/viz.js/-/viz.js-1.8.0.tgz#e0cb5ad241368e35b1a6e960691eba454c24951f"
